{
  "workflow": "ui-daily",
  "season": 2026,
  "date": "2026-05-07",
  "out_ROOT_DIR": "data/daily",
  "pid": 36236,
  "created_at": "2026-05-07T15:20:56.799975",
  "command": [
    "tools/daily_update.py",
    "--workflow",
    "ui-daily",
    "--date",
    "2026-05-07",
    "--season",
    "2026",
    "--sims",
    "1000",
    "--workers",
    "4",
    "--pbp",
    "off",
    "--use-roster-artifacts",
    "on",
    "--write-roster-artifacts",
    "on",
    "--skip-started-games",
    "on",
    "--git-push",
    "off",
    "--validate-render-frontend",
    "off",
    "--build-next-day",
    "off"
  ]
}