{
  "workflow": "ui-daily",
  "season": 2026,
  "date": "2026-05-24",
  "out_ROOT_DIR": "data/daily",
  "pid": 59372,
  "created_at": "2026-05-24T20:33:29.182925",
  "command": [
    "tools\\daily_update.py",
    "--date",
    "2026-05-24",
    "--season",
    "2026",
    "--workflow",
    "ui-daily",
    "--sims",
    "1000",
    "--workers",
    "4",
    "--pbp",
    "off",
    "--use-roster-artifacts",
    "on",
    "--write-roster-artifacts",
    "on",
    "--refresh-prior-feed-live",
    "off",
    "--settle-prior-card",
    "off",
    "--build-next-day",
    "off",
    "--refresh-season-manifests",
    "off",
    "--git-push",
    "off"
  ]
}